
Microsoft Visual Studio Solution File, Format Version 12.00
# Visual Studio 15
VisualStudioVersion = 15.0.28307.329
MinimumVisualStudioVersion = 10.0.40219.1
Project("{FAE04EC0-301F-11D3-BF4B-00C04F79EFBC}") = "Sumeru", "Sumeru\Sumeru.csproj", "{285D9F52-2B31-49D0-8649-4799CC27E4DE}"
EndProject
Global
	GlobalSection(SolutionConfigurationPlatforms) = preSolution
		Debug|Any CPU = Debug|Any CPU
		Release|Any CPU = Release|Any CPU
	EndGlobalSection
	GlobalSection(ProjectConfigurationPlatforms) = postSolution
		{285D9F52-2B31-49D0-8649-4799CC27E4DE}.Debug|Any CPU.ActiveCfg = Debug|Any CPU
		{285D9F52-2B31-49D0-8649-4799CC27E4DE}.Debug|Any CPU.Build.0 = Debug|Any CPU
		{285D9F52-2B31-49D0-8649-4799CC27E4DE}.Release|Any CPU.ActiveCfg = Release|Any CPU
		{285D9F52-2B31-49D0-8649-4799CC27E4DE}.Release|Any CPU.Build.0 = Release|Any CPU
	EndGlobalSection
	GlobalSection(SolutionProperties) = preSolution
		HideSolutionNode = FALSE
	EndGlobalSection
	GlobalSection(ExtensibilityGlobals) = postSolution
		SolutionGuid = {E273AF79-AD4A-48A0-A72D-9FFDC108FC66}
	EndGlobalSection
EndGlobal
